// !$*UTF8*$!
{
	archiveVersion = 1;
	classes = {
	};
	objectVersion = 56;
	objects = {

/* Begin PBXBuildFile section */
		68E841AA2C672B9D007997C2 /* AppDelegate.swift in Sources */ = {isa = PBXBuildFile; fileRef = 68E841A92C672B9D007997C2 /* AppDelegate.swift */; };
		68E841AC2C672B9D007997C2 /* SceneDelegate.swift in Sources */ = {isa = PBXBuildFile; fileRef = 68E841AB2C672B9D007997C2 /* SceneDelegate.swift */; };
		68E841AE2C672B9D007997C2 /* ViewController.swift in Sources */ = {isa = PBXBuildFile; fileRef = 68E841AD2C672B9D007997C2 /* ViewController.swift */; };
		68E841B12C672B9D007997C2 /* Main.storyboard in Resources */ = {isa = PBXBuildFile; fileRef = 68E841AF2C672B9D007997C2 /* Main.storyboard */; };
		68E841B32C672B9E007997C2 /* Assets.xcassets in Resources */ = {isa = PBXBuildFile; fileRef = 68E841B22C672B9E007997C2 /* Assets.xcassets */; };
		68E841B62C672B9E007997C2 /* LaunchScreen.storyboard in Resources */ = {isa = PBXBuildFile; fileRef = 68E841B42C672B9E007997C2 /* LaunchScreen.storyboard */; };
		68E841C12C672B9E007997C2 /* ProductViewerSampleTests.swift in Sources */ = {isa = PBXBuildFile; fileRef = 68E841C02C672B9E007997C2 /* ProductViewerSampleTests.swift */; };
		68E841CB2C672B9E007997C2 /* ProductViewerSampleUITests.swift in Sources */ = {isa = PBXBuildFile; fileRef = 68E841CA2C672B9E007997C2 /* ProductViewerSampleUITests.swift */; };
		68E841CD2C672B9E007997C2 /* ProductViewerSampleUITestsLaunchTests.swift in Sources */ = {isa = PBXBuildFile; fileRef = 68E841CC2C672B9E007997C2 /* ProductViewerSampleUITestsLaunchTests.swift */; };
/* End PBXBuildFile section */

/* Begin PBXContainerItemProxy section */
		68E841BD2C672B9E007997C2 /* PBXContainerItemProxy */ = {
			isa = PBXContainerItemProxy;
			containerPortal = 68E8419E2C672B9D007997C2 /* Project object */;
			proxyType = 1;
			remoteGlobalIDString = 68E841A52C672B9D007997C2;
			remoteInfo = ProductViewerSample;
		};
		68E841C72C672B9E007997C2 /* PBXContainerItemProxy */ = {
			isa = PBXContainerItemProxy;
			containerPortal = 68E8419E2C672B9D007997C2 /* Project object */;
			proxyType = 1;
			remoteGlobalIDString = 68E841A52C672B9D007997C2;
			remoteInfo = ProductViewerSample;
		};
/* End PBXContainerItemProxy section */

/* Begin PBXFileReference section */
		68E841A62C672B9D007997C2 /* ProductViewerSample.app */ = {isa = PBXFileReference; explicitFileType = wrapper.application; includeInIndex = 0; path = ProductViewerSample.app; sourceTree = BUILT_PRODUCTS_DIR; };
		68E841A92C672B9D007997C2 /* AppDelegate.swift */ = {isa = PBXFileReference; lastKnownFileType = sourcecode.swift; path = AppDelegate.swift; sourceTree = "<group>"; };
		68E841AB2C672B9D007997C2 /* SceneDelegate.swift */ = {isa = PBXFileReference; lastKnownFileType = sourcecode.swift; path = SceneDelegate.swift; sourceTree = "<group>"; };
		68E841AD2C672B9D007997C2 /* ViewController.swift */ = {isa = PBXFileReference; lastKnownFileType = sourcecode.swift; path = ViewController.swift; sourceTree = "<group>"; };
		68E841B02C672B9D007997C2 /* Base */ = {isa = PBXFileReference; lastKnownFileType = file.storyboard; name = Base; path = Base.lproj/Main.storyboard; sourceTree = "<group>"; };
		68E841B22C672B9E007997C2 /* Assets.xcassets */ = {isa = PBXFileReference; lastKnownFileType = folder.assetcatalog; path = Assets.xcassets; sourceTree = "<group>"; };
		68E841B52C672B9E007997C2 /* Base */ = {isa = PBXFileReference; lastKnownFileType = file.storyboard; name = Base; path = Base.lproj/LaunchScreen.storyboard; sourceTree = "<group>"; };
		68E841B72C672B9E007997C2 /* Info.plist */ = {isa = PBXFileReference; lastKnownFileType = text.plist.xml; path = Info.plist; sourceTree = "<group>"; };
		68E841BC2C672B9E007997C2 /* ProductViewerSampleTests.xctest */ = {isa = PBXFileReference; explicitFileType = wrapper.cfbundle; includeInIndex = 0; path = ProductViewerSampleTests.xctest; sourceTree = BUILT_PRODUCTS_DIR; };
		68E841C02C672B9E007997C2 /* ProductViewerSampleTests.swift */ = {isa = PBXFileReference; lastKnownFileType = sourcecode.swift; path = ProductViewerSampleTests.swift; sourceTree = "<group>"; };
		68E841C62C672B9E007997C2 /* ProductViewerSampleUITests.xctest */ = {isa = PBXFileReference; explicitFileType = wrapper.cfbundle; includeInIndex = 0; path = ProductViewerSampleUITests.xctest; sourceTree = BUILT_PRODUCTS_DIR; };
		68E841CA2C672B9E007997C2 /* ProductViewerSampleUITests.swift */ = {isa = PBXFileReference; lastKnownFileType = sourcecode.swift; path = ProductViewerSampleUITests.swift; sourceTree = "<group>"; };
		68E841CC2C672B9E007997C2 /* ProductViewerSampleUITestsLaunchTests.swift */ = {isa = PBXFileReference; lastKnownFileType = sourcecode.swift; path = ProductViewerSampleUITestsLaunchTests.swift; sourceTree = "<group>"; };
/* End PBXFileReference section */

/* Begin PBXFrameworksBuildPhase section */
		68E841A32C672B9D007997C2 /* Frameworks */ = {
			isa = PBXFrameworksBuildPhase;
			buildActionMask = 2147483647;
			files = (
			);
			runOnlyForDeploymentPostprocessing = 0;
		};
		68E841B92C672B9E007997C2 /* Frameworks */ = {
			isa = PBXFrameworksBuildPhase;
			buildActionMask = 2147483647;
			files = (
			);
			runOnlyForDeploymentPostprocessing = 0;
		};
		68E841C32C672B9E007997C2 /* Frameworks */ = {
			isa = PBXFrameworksBuildPhase;
			buildActionMask = 2147483647;
			files = (
			);
			runOnlyForDeploymentPostprocessing = 0;
		};
/* End PBXFrameworksBuildPhase section */

/* Begin PBXGroup section */
		68E8419D2C672B9D007997C2 = {
			isa = PBXGroup;
			children = (
				68E841A82C672B9D007997C2 /* ProductViewerSample */,
				68E841BF2C672B9E007997C2 /* ProductViewerSampleTests */,
				68E841C92C672B9E007997C2 /* ProductViewerSampleUITests */,
				68E841A72C672B9D007997C2 /* Products */,
			);
			sourceTree = "<group>";
		};
		68E841A72C672B9D007997C2 /* Products */ = {
			isa = PBXGroup;
			children = (
				68E841A62C672B9D007997C2 /* ProductViewerSample.app */,
				68E841BC2C672B9E007997C2 /* ProductViewerSampleTests.xctest */,
				68E841C62C672B9E007997C2 /* ProductViewerSampleUITests.xctest */,
			);
			name = Products;
			sourceTree = "<group>";
		};
		68E841A82C672B9D007997C2 /* ProductViewerSample */ = {
			isa = PBXGroup;
			children = (
				68E841A92C672B9D007997C2 /* AppDelegate.swift */,
				68E841AB2C672B9D007997C2 /* SceneDelegate.swift */,
				68E841AD2C672B9D007997C2 /* ViewController.swift */,
				68E841AF2C672B9D007997C2 /* Main.storyboard */,
				68E841B22C672B9E007997C2 /* Assets.xcassets */,
				68E841B42C672B9E007997C2 /* LaunchScreen.storyboard */,
				68E841B72C672B9E007997C2 /* Info.plist */,
			);
			path = ProductViewerSample;
			sourceTree = "<group>";
		};
		68E841BF2C672B9E007997C2 /* ProductViewerSampleTests */ = {
			isa = PBXGroup;
			children = (
				68E841C02C672B9E007997C2 /* ProductViewerSampleTests.swift */,
			);
			path = ProductViewerSampleTests;
			sourceTree = "<group>";
		};
		68E841C92C672B9E007997C2 /* ProductViewerSampleUITests */ = {
			isa = PBXGroup;
			children = (
				68E841CA2C672B9E007997C2 /* ProductViewerSampleUITests.swift */,
				68E841CC2C672B9E007997C2 /* ProductViewerSampleUITestsLaunchTests.swift */,
			);
			path = ProductViewerSampleUITests;
			sourceTree = "<group>";
		};
/* End PBXGroup section */

/* Begin PBXNativeTarget section */
		68E841A52C672B9D007997C2 /* ProductViewerSample */ = {
			isa = PBXNativeTarget;
			buildConfigurationList = 68E841D02C672B9E007997C2 /* Build configuration list for PBXNativeTarget "ProductViewerSample" */;
			buildPhases = (
				68E841A22C672B9D007997C2 /* Sources */,
				68E841A32C672B9D007997C2 /* Frameworks */,
				68E841A42C672B9D007997C2 /* Resources */,
			);
			buildRules = (
			);
			dependencies = (
			);
			name = ProductViewerSample;
			productName = ProductViewerSample;
			productReference = 68E841A62C672B9D007997C2 /* ProductViewerSample.app */;
			productType = "com.apple.product-type.application";
		};
		68E841BB2C672B9E007997C2 /* ProductViewerSampleTests */ = {
			isa = PBXNativeTarget;
			buildConfigurationList = 68E841D32C672B9E007997C2 /* Build configuration list for PBXNativeTarget "ProductViewerSampleTests" */;
			buildPhases = (
				68E841B82C672B9E007997C2 /* Sources */,
				68E841B92C672B9E007997C2 /* Frameworks */,
				68E841BA2C672B9E007997C2 /* Resources */,
			);
			buildRules = (
			);
			dependencies = (
				68E841BE2C672B9E007997C2 /* PBXTargetDependency */,
			);
			name = ProductViewerSampleTests;
			productName = ProductViewerSampleTests;
			productReference = 68E841BC2C672B9E007997C2 /* ProductViewerSampleTests.xctest */;
			productType = "com.apple.product-type.bundle.unit-test";
		};
		68E841C52C672B9E007997C2 /* ProductViewerSampleUITests */ = {
			isa = PBXNativeTarget;
			buildConfigurationList = 68E841D62C672B9E007997C2 /* Build configuration list for PBXNativeTarget "ProductViewerSampleUITests" */;
			buildPhases = (
				68E841C22C672B9E007997C2 /* Sources */,
				68E841C32C672B9E007997C2 /* Frameworks */,
				68E841C42C672B9E007997C2 /* Resources */,
			);
			buildRules = (
			);
			dependencies = (
				68E841C82C672B9E007997C2 /* PBXTargetDependency */,
			);
			name = ProductViewerSampleUITests;
			productName = ProductViewerSampleUITests;
			productReference = 68E841C62C672B9E007997C2 /* ProductViewerSampleUITests.xctest */;
			productType = "com.apple.product-type.bundle.ui-testing";
		};
/* End PBXNativeTarget section */

/* Begin PBXProject section */
		68E8419E2C672B9D007997C2 /* Project object */ = {
			isa = PBXProject;
			attributes = {
				BuildIndependentTargetsInParallel = 1;
				LastSwiftUpdateCheck = 1520;
				LastUpgradeCheck = 1520;
				TargetAttributes = {
					68E841A52C672B9D007997C2 = {
						CreatedOnToolsVersion = 15.2;
					};
					68E841BB2C672B9E007997C2 = {
						CreatedOnToolsVersion = 15.2;
						TestTargetID = 68E841A52C672B9D007997C2;
					};
					68E841C52C672B9E007997C2 = {
						CreatedOnToolsVersion = 15.2;
						TestTargetID = 68E841A52C672B9D007997C2;
					};
				};
			};
			buildConfigurationList = 68E841A12C672B9D007997C2 /* Build configuration list for PBXProject "ProductViewerSample" */;
			compatibilityVersion = "Xcode 14.0";
			developmentRegion = en;
			hasScannedForEncodings = 0;
			knownRegions = (
				en,
				Base,
			);
			mainGroup = 68E8419D2C672B9D007997C2;
			productRefGroup = 68E841A72C672B9D007997C2 /* Products */;
			projectDirPath = "";
			projectRoot = "";
			targets = (
				68E841A52C672B9D007997C2 /* ProductViewerSample */,
				68E841BB2C672B9E007997C2 /* ProductViewerSampleTests */,
				68E841C52C672B9E007997C2 /* ProductViewerSampleUITests */,
			);
		};
/* End PBXProject section */

/* Begin PBXResourcesBuildPhase section */
		68E841A42C672B9D007997C2 /* Resources */ = {
			isa = PBXResourcesBuildPhase;
			buildActionMask = 2147483647;
			files = (
				68E841B62C672B9E007997C2 /* LaunchScreen.storyboard in Resources */,
				68E841B32C672B9E007997C2 /* Assets.xcassets in Resources */,
				68E841B12C672B9D007997C2 /* Main.storyboard in Resources */,
			);
			runOnlyForDeploymentPostprocessing = 0;
		};
		68E841BA2C672B9E007997C2 /* Resources */ = {
			isa = PBXResourcesBuildPhase;
			buildActionMask = 2147483647;
			files = (
			);
			runOnlyForDeploymentPostprocessing = 0;
		};
		68E841C42C672B9E007997C2 /* Resources */ = {
			isa = PBXResourcesBuildPhase;
			buildActionMask = 2147483647;
			files = (
			);
			runOnlyForDeploymentPostprocessing = 0;
		};
/* End PBXResourcesBuildPhase section */

/* Begin PBXSourcesBuildPhase section */
		68E841A22C672B9D007997C2 /* Sources */ = {
			isa = PBXSourcesBuildPhase;
			buildActionMask = 2147483647;
			files = (
				68E841AE2C672B9D007997C2 /* ViewController.swift in Sources */,
				68E841AA2C672B9D007997C2 /* AppDelegate.swift in Sources */,
				68E841AC2C672B9D007997C2 /* SceneDelegate.swift in Sources */,
			);
			runOnlyForDeploymentPostprocessing = 0;
		};
		68E841B82C672B9E007997C2 /* Sources */ = {
			isa = PBXSourcesBuildPhase;
			buildActionMask = 2147483647;
			files = (
				68E841C12C672B9E007997C2 /* ProductViewerSampleTests.swift in Sources */,
			);
			runOnlyForDeploymentPostprocessing = 0;
		};
		68E841C22C672B9E007997C2 /* Sources */ = {
			isa = PBXSourcesBuildPhase;
			buildActionMask = 2147483647;
			files = (
				68E841CD2C672B9E007997C2 /* ProductViewerSampleUITestsLaunchTests.swift in Sources */,
				68E841CB2C672B9E007997C2 /* ProductViewerSampleUITests.swift in Sources */,
			);
			runOnlyForDeploymentPostprocessing = 0;
		};
/* End PBXSourcesBuildPhase section */

/* Begin PBXTargetDependency section */
		68E841BE2C672B9E007997C2 /* PBXTargetDependency */ = {
			isa = PBXTargetDependency;
			target = 68E841A52C672B9D007997C2 /* ProductViewerSample */;
			targetProxy = 68E841BD2C672B9E007997C2 /* PBXContainerItemProxy */;
		};
		68E841C82C672B9E007997C2 /* PBXTargetDependency */ = {
			isa = PBXTargetDependency;
			target = 68E841A52C672B9D007997C2 /* ProductViewerSample */;
			targetProxy = 68E841C72C672B9E007997C2 /* PBXContainerItemProxy */;
		};
/* End PBXTargetDependency section */

/* Begin PBXVariantGroup section */
		68E841AF2C672B9D007997C2 /* Main.storyboard */ = {
			isa = PBXVariantGroup;
			children = (
				68E841B02C672B9D007997C2 /* Base */,
			);
			name = Main.storyboard;
			sourceTree = "<group>";
		};
		68E841B42C672B9E007997C2 /* LaunchScreen.storyboard */ = {
			isa = PBXVariantGroup;
			children = (
				68E841B52C672B9E007997C2 /* Base */,
			);
			name = LaunchScreen.storyboard;
			sourceTree = "<group>";
		};
/* End PBXVariantGroup section */

/* Begin XCBuildConfiguration section */
		68E841CE2C672B9E007997C2 /* Debug */ = {
			isa = XCBuildConfiguration;
			buildSettings = {
				ALWAYS_SEARCH_USER_PATHS = NO;
				ASSETCATALOG_COMPILER_GENERATE_SWIFT_ASSET_SYMBOL_EXTENSIONS = YES;
				CLANG_ANALYZER_NONNULL = YES;
				CLANG_ANALYZER_NUMBER_OBJECT_CONVERSION = YES_AGGRESSIVE;
				CLANG_CXX_LANGUAGE_STANDARD = "gnu++20";
				CLANG_ENABLE_MODULES = YES;
				CLANG_ENABLE_OBJC_ARC = YES;
				CLANG_ENABLE_OBJC_WEAK = YES;
				CLANG_WARN_BLOCK_CAPTURE_AUTORELEASING = YES;
				CLANG_WARN_BOOL_CONVERSION = YES;
				CLANG_WARN_COMMA = YES;
				CLANG_WARN_CONSTANT_CONVERSION = YES;
				CLANG_WARN_DEPRECATED_OBJC_IMPLEMENTATIONS = YES;
				CLANG_WARN_DIRECT_OBJC_ISA_USAGE = YES_ERROR;
				CLANG_WARN_DOCUMENTATION_COMMENTS = YES;
				CLANG_WARN_EMPTY_BODY = YES;
				CLANG_WARN_ENUM_CONVERSION = YES;
				CLANG_WARN_INFINITE_RECURSION = YES;
				CLANG_WARN_INT_CONVERSION = YES;
				CLANG_WARN_NON_LITERAL_NULL_CONVERSION = YES;
				CLANG_WARN_OBJC_IMPLICIT_RETAIN_SELF = YES;
				CLANG_WARN_OBJC_LITERAL_CONVERSION = YES;
				CLANG_WARN_OBJC_ROOT_CLASS = YES_ERROR;
				CLANG_WARN_QUOTED_INCLUDE_IN_FRAMEWORK_HEADER = YES;
				CLANG_WARN_RANGE_LOOP_ANALYSIS = YES;
				CLANG_WARN_STRICT_PROTOTYPES = YES;
				CLANG_WARN_SUSPICIOUS_MOVE = YES;
				CLANG_WARN_UNGUARDED_AVAILABILITY = YES_AGGRESSIVE;
				CLANG_WARN_UNREACHABLE_CODE = YES;
				CLANG_WARN__DUPLICATE_METHOD_MATCH = YES;
				COPY_PHASE_STRIP = NO;
				DEBUG_INFORMATION_FORMAT = dwarf;
				ENABLE_STRICT_OBJC_MSGSEND = YES;
				ENABLE_TESTABILITY = YES;
				ENABLE_USER_SCRIPT_SANDBOXING = YES;
				GCC_C_LANGUAGE_STANDARD = gnu17;
				GCC_DYNAMIC_NO_PIC = NO;
				GCC_NO_COMMON_BLOCKS = YES;
				GCC_OPTIMIZATION_LEVEL = 0;
				GCC_PREPROCESSOR_DEFINITIONS = (
					"DEBUG=1",
					"$(inherited)",
				);
				GCC_WARN_64_TO_32_BIT_CONVERSION = YES;
				GCC_WARN_ABOUT_RETURN_TYPE = YES_ERROR;
				GCC_WARN_UNDECLARED_SELECTOR = YES;
				GCC_WARN_UNINITIALIZED_AUTOS = YES_AGGRESSIVE;
				GCC_WARN_UNUSED_FUNCTION = YES;
				GCC_WARN_UNUSED_VARIABLE = YES;
				IPHONEOS_DEPLOYMENT_TARGET = 17.2;
				LOCALIZATION_PREFERS_STRING_CATALOGS = YES;
				MTL_ENABLE_DEBUG_INFO = INCLUDE_SOURCE;
				MTL_FAST_MATH = YES;
				ONLY_ACTIVE_ARCH = YES;
				SDKROOT = iphoneos;
				SWIFT_ACTIVE_COMPILATION_CONDITIONS = "DEBUG $(inherited)";
				SWIFT_OPTIMIZATION_LEVEL = "-Onone";
			};
			name = Debug;
		};
		68E841CF2C672B9E007997C2 /* Release */ = {
			isa = XCBuildConfiguration;
			buildSettings = {
				ALWAYS_SEARCH_USER_PATHS = NO;
				ASSETCATALOG_COMPILER_GENERATE_SWIFT_ASSET_SYMBOL_EXTENSIONS = YES;
				CLANG_ANALYZER_NONNULL = YES;
				CLANG_ANALYZER_NUMBER_OBJECT_CONVERSION = YES_AGGRESSIVE;
				CLANG_CXX_LANGUAGE_STANDARD = "gnu++20";
				CLANG_ENABLE_MODULES = YES;
				CLANG_ENABLE_OBJC_ARC = YES;
				CLANG_ENABLE_OBJC_WEAK = YES;
				CLANG_WARN_BLOCK_CAPTURE_AUTORELEASING = YES;
				CLANG_WARN_BOOL_CONVERSION = YES;
				CLANG_WARN_COMMA = YES;
				CLANG_WARN_CONSTANT_CONVERSION = YES;
				CLANG_WARN_DEPRECATED_OBJC_IMPLEMENTATIONS = YES;
				CLANG_WARN_DIRECT_OBJC_ISA_USAGE = YES_ERROR;
				CLANG_WARN_DOCUMENTATION_COMMENTS = YES;
				CLANG_WARN_EMPTY_BODY = YES;
				CLANG_WARN_ENUM_CONVERSION = YES;
				CLANG_WARN_INFINITE_RECURSION = YES;
				CLANG_WARN_INT_CONVERSION = YES;
				CLANG_WARN_NON_LITERAL_NULL_CONVERSION = YES;
				CLANG_WARN_OBJC_IMPLICIT_RETAIN_SELF = YES;
				CLANG_WARN_OBJC_LITERAL_CONVERSION = YES;
				CLANG_WARN_OBJC_ROOT_CLASS = YES_ERROR;
				CLANG_WARN_QUOTED_INCLUDE_IN_FRAMEWORK_HEADER = YES;
				CLANG_WARN_RANGE_LOOP_ANALYSIS = YES;
				CLANG_WARN_STRICT_PROTOTYPES = YES;
				CLANG_WARN_SUSPICIOUS_MOVE = YES;
				CLANG_WARN_UNGUARDED_AVAILABILITY = YES_AGGRESSIVE;
				CLANG_WARN_UNREACHABLE_CODE = YES;
				CLANG_WARN__DUPLICATE_METHOD_MATCH = YES;
				COPY_PHASE_STRIP = NO;
				DEBUG_INFORMATION_FORMAT = "dwarf-with-dsym";
				ENABLE_NS_ASSERTIONS = NO;
				ENABLE_STRICT_OBJC_MSGSEND = YES;
				ENABLE_USER_SCRIPT_SANDBOXING = YES;
				GCC_C_LANGUAGE_STANDARD = gnu17;
				GCC_NO_COMMON_BLOCKS = YES;
				GCC_WARN_64_TO_32_BIT_CONVERSION = YES;
				GCC_WARN_ABOUT_RETURN_TYPE = YES_ERROR;
				GCC_WARN_UNDECLARED_SELECTOR = YES;
				GCC_WARN_UNINITIALIZED_AUTOS = YES_AGGRESSIVE;
				GCC_WARN_UNUSED_FUNCTION = YES;
				GCC_WARN_UNUSED_VARIABLE = YES;
				IPHONEOS_DEPLOYMENT_TARGET = 17.2;
				LOCALIZATION_PREFERS_STRING_CATALOGS = YES;
				MTL_ENABLE_DEBUG_INFO = NO;
				MTL_FAST_MATH = YES;
				SDKROOT = iphoneos;
				SWIFT_COMPILATION_MODE = wholemodule;
				VALIDATE_PRODUCT = YES;
			};
			name = Release;
		};
		68E841D12C672B9E007997C2 /* Debug */ = {
			isa = XCBuildConfiguration;
			buildSettings = {
				ASSETCATALOG_COMPILER_APPICON_NAME = AppIcon;
				ASSETCATALOG_COMPILER_GLOBAL_ACCENT_COLOR_NAME = AccentColor;
				CODE_SIGN_STYLE = Automatic;
				CURRENT_PROJECT_VERSION = 1;
				GENERATE_INFOPLIST_FILE = YES;
				INFOPLIST_FILE = ProductViewerSample/Info.plist;
				INFOPLIST_KEY_UIApplicationSupportsIndirectInputEvents = YES;
				INFOPLIST_KEY_UILaunchStoryboardName = LaunchScreen;
				INFOPLIST_KEY_UIMainStoryboardFile = Main;
				INFOPLIST_KEY_UISupportedInterfaceOrientations_iPad = "UIInterfaceOrientationPortrait UIInterfaceOrientationPortraitUpsideDown UIInterfaceOrientationLandscapeLeft UIInterfaceOrientationLandscapeRight";
				INFOPLIST_KEY_UISupportedInterfaceOrientations_iPhone = "UIInterfaceOrientationPortrait UIInterfaceOrientationLandscapeLeft UIInterfaceOrientationLandscapeRight";
				LD_RUNPATH_SEARCH_PATHS = (
					"$(inherited)",
					"@executable_path/Frameworks",
				);
				MARKETING_VERSION = 1.0;
				PRODUCT_BUNDLE_IDENTIFIER = com.app.product.ProductViewerSample;
				PRODUCT_NAME = "$(TARGET_NAME)";
				SWIFT_EMIT_LOC_STRINGS = YES;
				SWIFT_VERSION = 5.0;
				TARGETED_DEVICE_FAMILY = "1,2";
			};
			name = Debug;
		};
		68E841D22C672B9E007997C2 /* Release */ = {
			isa = XCBuildConfiguration;
			buildSettings = {
				ASSETCATALOG_COMPILER_APPICON_NAME = AppIcon;
				ASSETCATALOG_COMPILER_GLOBAL_ACCENT_COLOR_NAME = AccentColor;
				CODE_SIGN_STYLE = Automatic;
				CURRENT_PROJECT_VERSION = 1;
				GENERATE_INFOPLIST_FILE = YES;
				INFOPLIST_FILE = ProductViewerSample/Info.plist;
				INFOPLIST_KEY_UIApplicationSupportsIndirectInputEvents = YES;
				INFOPLIST_KEY_UILaunchStoryboardName = LaunchScreen;
				INFOPLIST_KEY_UIMainStoryboardFile = Main;
				INFOPLIST_KEY_UISupportedInterfaceOrientations_iPad = "UIInterfaceOrientationPortrait UIInterfaceOrientationPortraitUpsideDown UIInterfaceOrientationLandscapeLeft UIInterfaceOrientationLandscapeRight";
				INFOPLIST_KEY_UISupportedInterfaceOrientations_iPhone = "UIInterfaceOrientationPortrait UIInterfaceOrientationLandscapeLeft UIInterfaceOrientationLandscapeRight";
				LD_RUNPATH_SEARCH_PATHS = (
					"$(inherited)",
					"@executable_path/Frameworks",
				);
				MARKETING_VERSION = 1.0;
				PRODUCT_BUNDLE_IDENTIFIER = com.app.product.ProductViewerSample;
				PRODUCT_NAME = "$(TARGET_NAME)";
				SWIFT_EMIT_LOC_STRINGS = YES;
				SWIFT_VERSION = 5.0;
				TARGETED_DEVICE_FAMILY = "1,2";
			};
			name = Release;
		};
		68E841D42C672B9E007997C2 /* Debug */ = {
			isa = XCBuildConfiguration;
			buildSettings = {
				ALWAYS_EMBED_SWIFT_STANDARD_LIBRARIES = YES;
				BUNDLE_LOADER = "$(TEST_HOST)";
				CODE_SIGN_STYLE = Automatic;
				CURRENT_PROJECT_VERSION = 1;
				GENERATE_INFOPLIST_FILE = YES;
				IPHONEOS_DEPLOYMENT_TARGET = 17.2;
				MARKETING_VERSION = 1.0;
				PRODUCT_BUNDLE_IDENTIFIER = com.app.product.ProductViewerSampleTests;
				PRODUCT_NAME = "$(TARGET_NAME)";
				SWIFT_EMIT_LOC_STRINGS = NO;
				SWIFT_VERSION = 5.0;
				TARGETED_DEVICE_FAMILY = "1,2";
				TEST_HOST = "$(BUILT_PRODUCTS_DIR)/ProductViewerSample.app/$(BUNDLE_EXECUTABLE_FOLDER_PATH)/ProductViewerSample";
			};
			name = Debug;
		};
		68E841D52C672B9E007997C2 /* Release */ = {
			isa = XCBuildConfiguration;
			buildSettings = {
				ALWAYS_EMBED_SWIFT_STANDARD_LIBRARIES = YES;
				BUNDLE_LOADER = "$(TEST_HOST)";
				CODE_SIGN_STYLE = Automatic;
				CURRENT_PROJECT_VERSION = 1;
				GENERATE_INFOPLIST_FILE = YES;
				IPHONEOS_DEPLOYMENT_TARGET = 17.2;
				MARKETING_VERSION = 1.0;
				PRODUCT_BUNDLE_IDENTIFIER = com.app.product.ProductViewerSampleTests;
				PRODUCT_NAME = "$(TARGET_NAME)";
				SWIFT_EMIT_LOC_STRINGS = NO;
				SWIFT_VERSION = 5.0;
				TARGETED_DEVICE_FAMILY = "1,2";
				TEST_HOST = "$(BUILT_PRODUCTS_DIR)/ProductViewerSample.app/$(BUNDLE_EXECUTABLE_FOLDER_PATH)/ProductViewerSample";
			};
			name = Release;
		};
		68E841D72C672B9E007997C2 /* Debug */ = {
			isa = XCBuildConfiguration;
			buildSettings = {
				ALWAYS_EMBED_SWIFT_STANDARD_LIBRARIES = YES;
				CODE_SIGN_STYLE = Automatic;
				CURRENT_PROJECT_VERSION = 1;
				GENERATE_INFOPLIST_FILE = YES;
				MARKETING_VERSION = 1.0;
				PRODUCT_BUNDLE_IDENTIFIER = com.app.product.ProductViewerSampleUITests;
				PRODUCT_NAME = "$(TARGET_NAME)";
				SWIFT_EMIT_LOC_STRINGS = NO;
				SWIFT_VERSION = 5.0;
				TARGETED_DEVICE_FAMILY = "1,2";
				TEST_TARGET_NAME = ProductViewerSample;
			};
			name = Debug;
		};
		68E841D82C672B9E007997C2 /* Release */ = {
			isa = XCBuildConfiguration;
			buildSettings = {
				ALWAYS_EMBED_SWIFT_STANDARD_LIBRARIES = YES;
				CODE_SIGN_STYLE = Automatic;
				CURRENT_PROJECT_VERSION = 1;
				GENERATE_INFOPLIST_FILE = YES;
				MARKETING_VERSION = 1.0;
				PRODUCT_BUNDLE_IDENTIFIER = com.app.product.ProductViewerSampleUITests;
				PRODUCT_NAME = "$(TARGET_NAME)";
				SWIFT_EMIT_LOC_STRINGS = NO;
				SWIFT_VERSION = 5.0;
				TARGETED_DEVICE_FAMILY = "1,2";
				TEST_TARGET_NAME = ProductViewerSample;
			};
			name = Release;
		};
/* End XCBuildConfiguration section */

/* Begin XCConfigurationList section */
		68E841A12C672B9D007997C2 /* Build configuration list for PBXProject "ProductViewerSample" */ = {
			isa = XCConfigurationList;
			buildConfigurations = (
				68E841CE2C672B9E007997C2 /* Debug */,
				68E841CF2C672B9E007997C2 /* Release */,
			);
			defaultConfigurationIsVisible = 0;
			defaultConfigurationName = Release;
		};
		68E841D02C672B9E007997C2 /* Build configuration list for PBXNativeTarget "ProductViewerSample" */ = {
			isa = XCConfigurationList;
			buildConfigurations = (
				68E841D12C672B9E007997C2 /* Debug */,
				68E841D22C672B9E007997C2 /* Release */,
			);
			defaultConfigurationIsVisible = 0;
			defaultConfigurationName = Release;
		};
		68E841D32C672B9E007997C2 /* Build configuration list for PBXNativeTarget "ProductViewerSampleTests" */ = {
			isa = XCConfigurationList;
			buildConfigurations = (
				68E841D42C672B9E007997C2 /* Debug */,
				68E841D52C672B9E007997C2 /* Release */,
			);
			defaultConfigurationIsVisible = 0;
			defaultConfigurationName = Release;
		};
		68E841D62C672B9E007997C2 /* Build configuration list for PBXNativeTarget "ProductViewerSampleUITests" */ = {
			isa = XCConfigurationList;
			buildConfigurations = (
				68E841D72C672B9E007997C2 /* Debug */,
				68E841D82C672B9E007997C2 /* Release */,
			);
			defaultConfigurationIsVisible = 0;
			defaultConfigurationName = Release;
		};
/* End XCConfigurationList section */
	};
	rootObject = 68E8419E2C672B9D007997C2 /* Project object */;
}
